
Microsoft Visual Studio Solution File, Format Version 12.00
# Visual Studio Version 16
VisualStudioVersion = 16.0.28803.452
MinimumVisualStudioVersion = 10.0.40219.1
Project("{FAE04EC0-301F-11D3-BF4B-00C04F79EFBC}") = "school", "school\school.csproj", "{ADCAE84C-99DC-433F-9C63-47FEDBD98C6D}"
EndProject
Project("{FAE04EC0-301F-11D3-BF4B-00C04F79EFBC}") = "school.Tests", "school.Tests\school.Tests.csproj", "{CEBD1D47-07E0-4A8E-B4AA-E6231873B0A4}"
EndProject
Global
	GlobalSection(SolutionConfigurationPlatforms) = preSolution
		Debug|Any CPU = Debug|Any CPU
		Release|Any CPU = Release|Any CPU
	EndGlobalSection
	GlobalSection(ProjectConfigurationPlatforms) = postSolution
		{ADCAE84C-99DC-433F-9C63-47FEDBD98C6D}.Debug|Any CPU.ActiveCfg = Debug|Any CPU
		{ADCAE84C-99DC-433F-9C63-47FEDBD98C6D}.Debug|Any CPU.Build.0 = Debug|Any CPU
		{ADCAE84C-99DC-433F-9C63-47FEDBD98C6D}.Release|Any CPU.ActiveCfg = Release|Any CPU
		{ADCAE84C-99DC-433F-9C63-47FEDBD98C6D}.Release|Any CPU.Build.0 = Release|Any CPU
		{CEBD1D47-07E0-4A8E-B4AA-E6231873B0A4}.Debug|Any CPU.ActiveCfg = Debug|Any CPU
		{CEBD1D47-07E0-4A8E-B4AA-E6231873B0A4}.Debug|Any CPU.Build.0 = Debug|Any CPU
		{CEBD1D47-07E0-4A8E-B4AA-E6231873B0A4}.Release|Any CPU.ActiveCfg = Release|Any CPU
		{CEBD1D47-07E0-4A8E-B4AA-E6231873B0A4}.Release|Any CPU.Build.0 = Release|Any CPU
	EndGlobalSection
	GlobalSection(SolutionProperties) = preSolution
		HideSolutionNode = FALSE
	EndGlobalSection
	GlobalSection(ExtensibilityGlobals) = postSolution
		SolutionGuid = {F71BBF49-C1EF-4976-B58B-067DEBAE12DA}
	EndGlobalSection
EndGlobal
